
Microsoft Visual Studio Solution File, Format Version 12.00
# Visual Studio Version 17
VisualStudioVersion = 17.3.32922.545
MinimumVisualStudioVersion = 10.0.40219.1
Project("{FAE04EC0-301F-11D3-BF4B-00C04F79EFBC}") = "TP2_14E_A2022", "TP2_14E_A2022\TP2_14E_A2022.csproj", "{9B63457D-6922-49D5-839C-6C36B63E4BCB}"
EndProject
Global
	GlobalSection(SolutionConfigurationPlatforms) = preSolution
		Debug|Any CPU = Debug|Any CPU
		Release|Any CPU = Release|Any CPU
	EndGlobalSection
	GlobalSection(ProjectConfigurationPlatforms) = postSolution
		{9B63457D-6922-49D5-839C-6C36B63E4BCB}.Debug|Any CPU.ActiveCfg = Debug|Any CPU
		{9B63457D-6922-49D5-839C-6C36B63E4BCB}.Debug|Any CPU.Build.0 = Debug|Any CPU
		{9B63457D-6922-49D5-839C-6C36B63E4BCB}.Release|Any CPU.ActiveCfg = Release|Any CPU
		{9B63457D-6922-49D5-839C-6C36B63E4BCB}.Release|Any CPU.Build.0 = Release|Any CPU
	EndGlobalSection
	GlobalSection(SolutionProperties) = preSolution
		HideSolutionNode = FALSE
	EndGlobalSection
	GlobalSection(ExtensibilityGlobals) = postSolution
		SolutionGuid = {3FDB2771-677A-4894-9294-AA322C2EAF38}
	EndGlobalSection
EndGlobal
